// !$*UTF8*$!
{
	archiveVersion = 1;
	classes = {
	};
	objectVersion = 48;
	objects = {

/* Begin PBXBuildFile section */
		9B28B78821E3B88F002C58D2 /* InfoPlist.strings in Resources */ = {isa = PBXBuildFile; fileRef = 9B28B78A21E3B88F002C58D2 /* InfoPlist.strings */; };
		C0168E9020B1E1D80027BD78 /* LogViewController.swift in Sources */ = {isa = PBXBuildFile; fileRef = C0168E8F20B1E1D80027BD78 /* LogViewController.swift */; };
		C04F824E20BB157800F9C57D /* Localizable.strings in Resources */ = {isa = PBXBuildFile; fileRef = C04F825020BB157800F9C57D /* Localizable.strings */; };
		C04F825D20BB15F500F9C57D /* Localization.swift in Sources */ = {isa = PBXBuildFile; fileRef = C04F825C20BB15F500F9C57D /* Localization.swift */; };
		C0544D4C20AF0EDA00DC86F6 /* AppDelegate.swift in Sources */ = {isa = PBXBuildFile; fileRef = C0544D4B20AF0EDA00DC86F6 /* AppDelegate.swift */; };
		C0544D4E20AF0EDA00DC86F6 /* Assets.xcassets in Resources */ = {isa = PBXBuildFile; fileRef = C0544D4D20AF0EDA00DC86F6 /* Assets.xcassets */; };
		C0544D5120AF0EDA00DC86F6 /* MainMenu.xib in Resources */ = {isa = PBXBuildFile; fileRef = C0544D4F20AF0EDA00DC86F6 /* MainMenu.xib */; };
		C0787F7B2315C6210054D130 /* main.swift in Sources */ = {isa = PBXBuildFile; fileRef = C0787F7A2315C6210054D130 /* main.swift */; };
		C0A7937E20AFAE0300F56DD5 /* MunkiStatusViewController.swift in Sources */ = {isa = PBXBuildFile; fileRef = C0A7937D20AFAE0300F56DD5 /* MunkiStatusViewController.swift */; };
		C0A7938020B0EA7800F56DD5 /* Utils.swift in Sources */ = {isa = PBXBuildFile; fileRef = C0A7937F20B0EA7800F56DD5 /* Utils.swift */; };
/* End PBXBuildFile section */

/* Begin PBXFileReference section */
		9B28B78921E3B88F002C58D2 /* en */ = {isa = PBXFileReference; lastKnownFileType = text.plist.strings; name = en; path = en.lproj/InfoPlist.strings; sourceTree = "<group>"; };
		9B28B78B21E3B892002C58D2 /* fr */ = {isa = PBXFileReference; lastKnownFileType = text.plist.strings; name = fr; path = fr.lproj/InfoPlist.strings; sourceTree = "<group>"; };
		9B28B78C21E3B894002C58D2 /* de */ = {isa = PBXFileReference; lastKnownFileType = text.plist.strings; name = de; path = de.lproj/InfoPlist.strings; sourceTree = "<group>"; };
		9B28B78D21E3B896002C58D2 /* es */ = {isa = PBXFileReference; lastKnownFileType = text.plist.strings; name = es; path = es.lproj/InfoPlist.strings; sourceTree = "<group>"; };
		9B28B78E21E3B899002C58D2 /* it */ = {isa = PBXFileReference; lastKnownFileType = text.plist.strings; name = it; path = it.lproj/InfoPlist.strings; sourceTree = "<group>"; };
		9B28B78F21E3B89C002C58D2 /* nl */ = {isa = PBXFileReference; lastKnownFileType = text.plist.strings; name = nl; path = nl.lproj/InfoPlist.strings; sourceTree = "<group>"; };
		9B28B79021E3B89E002C58D2 /* da */ = {isa = PBXFileReference; lastKnownFileType = text.plist.strings; name = da; path = da.lproj/InfoPlist.strings; sourceTree = "<group>"; };
		9B28B79121E3B8A0002C58D2 /* fi */ = {isa = PBXFileReference; lastKnownFileType = text.plist.strings; name = fi; path = fi.lproj/InfoPlist.strings; sourceTree = "<group>"; };
		9B28B79221E3B8A3002C58D2 /* nb */ = {isa = PBXFileReference; lastKnownFileType = text.plist.strings; name = nb; path = nb.lproj/InfoPlist.strings; sourceTree = "<group>"; };
		9B28B79321E3B8A6002C58D2 /* sv */ = {isa = PBXFileReference; lastKnownFileType = text.plist.strings; name = sv; path = sv.lproj/InfoPlist.strings; sourceTree = "<group>"; };
		9B28B79421E3B8A9002C58D2 /* ru */ = {isa = PBXFileReference; lastKnownFileType = text.plist.strings; name = ru; path = ru.lproj/InfoPlist.strings; sourceTree = "<group>"; };
		9B28B79521E3B8AB002C58D2 /* ja */ = {isa = PBXFileReference; lastKnownFileType = text.plist.strings; name = ja; path = ja.lproj/InfoPlist.strings; sourceTree = "<group>"; };
		9B28B79621E3B8AD002C58D2 /* en-AU */ = {isa = PBXFileReference; lastKnownFileType = text.plist.strings; name = "en-AU"; path = "en-AU.lproj/InfoPlist.strings"; sourceTree = "<group>"; };
		9B28B79721E3B8B0002C58D2 /* en-CA */ = {isa = PBXFileReference; lastKnownFileType = text.plist.strings; name = "en-CA"; path = "en-CA.lproj/InfoPlist.strings"; sourceTree = "<group>"; };
		9B28B79821E3B8B2002C58D2 /* en-GB */ = {isa = PBXFileReference; lastKnownFileType = text.plist.strings; name = "en-GB"; path = "en-GB.lproj/InfoPlist.strings"; sourceTree = "<group>"; };
		C0168E8F20B1E1D80027BD78 /* LogViewController.swift */ = {isa = PBXFileReference; lastKnownFileType = sourcecode.swift; path = LogViewController.swift; sourceTree = "<group>"; };
		C0168E9120B2939B0027BD78 /* fr */ = {isa = PBXFileReference; lastKnownFileType = text.plist.strings; name = fr; path = fr.lproj/MainMenu.strings; sourceTree = "<group>"; };
		C04F823F20BA8E9000F9C57D /* de */ = {isa = PBXFileReference; lastKnownFileType = text.plist.strings; name = de; path = de.lproj/MainMenu.strings; sourceTree = "<group>"; };
		C04F824020BA8F7200F9C57D /* es */ = {isa = PBXFileReference; lastKnownFileType = text.plist.strings; name = es; path = es.lproj/MainMenu.strings; sourceTree = "<group>"; };
		C04F824120BA8FF400F9C57D /* it */ = {isa = PBXFileReference; lastKnownFileType = text.plist.strings; name = it; path = it.lproj/MainMenu.strings; sourceTree = "<group>"; };
		C04F824220BA8FFA00F9C57D /* nl */ = {isa = PBXFileReference; lastKnownFileType = text.plist.strings; name = nl; path = nl.lproj/MainMenu.strings; sourceTree = "<group>"; };
		C04F824320BA900500F9C57D /* da */ = {isa = PBXFileReference; lastKnownFileType = text.plist.strings; name = da; path = da.lproj/MainMenu.strings; sourceTree = "<group>"; };
		C04F824420BA900F00F9C57D /* fi */ = {isa = PBXFileReference; lastKnownFileType = text.plist.strings; name = fi; path = fi.lproj/MainMenu.strings; sourceTree = "<group>"; };
		C04F824520BA901700F9C57D /* nb */ = {isa = PBXFileReference; lastKnownFileType = text.plist.strings; name = nb; path = nb.lproj/MainMenu.strings; sourceTree = "<group>"; };
		C04F824620BA90B000F9C57D /* sv */ = {isa = PBXFileReference; lastKnownFileType = text.plist.strings; name = sv; path = sv.lproj/MainMenu.strings; sourceTree = "<group>"; };
		C04F824720BA90B600F9C57D /* ru */ = {isa = PBXFileReference; lastKnownFileType = text.plist.strings; name = ru; path = ru.lproj/MainMenu.strings; sourceTree = "<group>"; };
		C04F824820BA90E300F9C57D /* ja */ = {isa = PBXFileReference; lastKnownFileType = text.plist.strings; name = ja; path = ja.lproj/MainMenu.strings; sourceTree = "<group>"; };
		C04F824920BAFB5900F9C57D /* en-AU */ = {isa = PBXFileReference; lastKnownFileType = text.plist.strings; name = "en-AU"; path = "en-AU.lproj/MainMenu.strings"; sourceTree = "<group>"; };
		C04F824A20BAFB6F00F9C57D /* en-CA */ = {isa = PBXFileReference; lastKnownFileType = text.plist.strings; name = "en-CA"; path = "en-CA.lproj/MainMenu.strings"; sourceTree = "<group>"; };
		C04F824B20BAFB8B00F9C57D /* en-GB */ = {isa = PBXFileReference; lastKnownFileType = text.plist.strings; name = "en-GB"; path = "en-GB.lproj/MainMenu.strings"; sourceTree = "<group>"; };
		C04F825120BB157E00F9C57D /* fr */ = {isa = PBXFileReference; lastKnownFileType = text.plist.strings; name = fr; path = fr.lproj/Localizable.strings; sourceTree = "<group>"; };
		C04F825220BB157F00F9C57D /* de */ = {isa = PBXFileReference; lastKnownFileType = text.plist.strings; name = de; path = de.lproj/Localizable.strings; sourceTree = "<group>"; };
		C04F825320BB158000F9C57D /* es */ = {isa = PBXFileReference; lastKnownFileType = text.plist.strings; name = es; path = es.lproj/Localizable.strings; sourceTree = "<group>"; };
		C04F825420BB158100F9C57D /* it */ = {isa = PBXFileReference; lastKnownFileType = text.plist.strings; name = it; path = it.lproj/Localizable.strings; sourceTree = "<group>"; };
		C04F825520BB158300F9C57D /* nl */ = {isa = PBXFileReference; lastKnownFileType = text.plist.strings; name = nl; path = nl.lproj/Localizable.strings; sourceTree = "<group>"; };
		C04F825620BB158400F9C57D /* da */ = {isa = PBXFileReference; lastKnownFileType = text.plist.strings; name = da; path = da.lproj/Localizable.strings; sourceTree = "<group>"; };
		C04F825720BB158500F9C57D /* fi */ = {isa = PBXFileReference; lastKnownFileType = text.plist.strings; name = fi; path = fi.lproj/Localizable.strings; sourceTree = "<group>"; };
		C04F825820BB158600F9C57D /* nb */ = {isa = PBXFileReference; lastKnownFileType = text.plist.strings; name = nb; path = nb.lproj/Localizable.strings; sourceTree = "<group>"; };
		C04F825920BB158800F9C57D /* sv */ = {isa = PBXFileReference; lastKnownFileType = text.plist.strings; name = sv; path = sv.lproj/Localizable.strings; sourceTree = "<group>"; };
		C04F825A20BB158900F9C57D /* ru */ = {isa = PBXFileReference; lastKnownFileType = text.plist.strings; name = ru; path = ru.lproj/Localizable.strings; sourceTree = "<group>"; };
		C04F825B20BB158A00F9C57D /* ja */ = {isa = PBXFileReference; lastKnownFileType = text.plist.strings; name = ja; path = ja.lproj/Localizable.strings; sourceTree = "<group>"; };
		C04F825C20BB15F500F9C57D /* Localization.swift */ = {isa = PBXFileReference; lastKnownFileType = sourcecode.swift; path = Localization.swift; sourceTree = "<group>"; };
		C04F825E20BB1A8100F9C57D /* Base */ = {isa = PBXFileReference; lastKnownFileType = text.plist.strings; name = Base; path = Base.lproj/Localizable.strings; sourceTree = "<group>"; };
		C04F826F20BB214F00F9C57D /* en-AU */ = {isa = PBXFileReference; lastKnownFileType = text.plist.strings; name = "en-AU"; path = "en-AU.lproj/Localizable.strings"; sourceTree = "<group>"; };
		C04F827020BB215200F9C57D /* en-CA */ = {isa = PBXFileReference; lastKnownFileType = text.plist.strings; name = "en-CA"; path = "en-CA.lproj/Localizable.strings"; sourceTree = "<group>"; };
		C04F827120BB215500F9C57D /* en-GB */ = {isa = PBXFileReference; lastKnownFileType = text.plist.strings; name = "en-GB"; path = "en-GB.lproj/Localizable.strings"; sourceTree = "<group>"; };
		C0544D4820AF0EDA00DC86F6 /* MunkiStatus.app */ = {isa = PBXFileReference; explicitFileType = wrapper.application; includeInIndex = 0; path = MunkiStatus.app; sourceTree = BUILT_PRODUCTS_DIR; };
		C0544D4B20AF0EDA00DC86F6 /* AppDelegate.swift */ = {isa = PBXFileReference; lastKnownFileType = sourcecode.swift; path = AppDelegate.swift; sourceTree = "<group>"; };
		C0544D4D20AF0EDA00DC86F6 /* Assets.xcassets */ = {isa = PBXFileReference; lastKnownFileType = folder.assetcatalog; path = Assets.xcassets; sourceTree = "<group>"; };
		C0544D5020AF0EDA00DC86F6 /* Base */ = {isa = PBXFileReference; lastKnownFileType = file.xib; name = Base; path = Base.lproj/MainMenu.xib; sourceTree = "<group>"; };
		C077FCFC257EF513001AA249 /* Info.plist */ = {isa = PBXFileReference; fileEncoding = 4; lastKnownFileType = text.plist.xml; path = Info.plist; sourceTree = "<group>"; };
		C0787F7A2315C6210054D130 /* main.swift */ = {isa = PBXFileReference; lastKnownFileType = sourcecode.swift; path = main.swift; sourceTree = "<group>"; };
		C0A7937D20AFAE0300F56DD5 /* MunkiStatusViewController.swift */ = {isa = PBXFileReference; lastKnownFileType = sourcecode.swift; path = MunkiStatusViewController.swift; sourceTree = "<group>"; };
		C0A7937F20B0EA7800F56DD5 /* Utils.swift */ = {isa = PBXFileReference; lastKnownFileType = sourcecode.swift; path = Utils.swift; sourceTree = "<group>"; };
/* End PBXFileReference section */

/* Begin PBXFrameworksBuildPhase section */
		C0544D4520AF0EDA00DC86F6 /* Frameworks */ = {
			isa = PBXFrameworksBuildPhase;
			buildActionMask = 2147483647;
			files = (
			);
			runOnlyForDeploymentPostprocessing = 0;
		};
/* End PBXFrameworksBuildPhase section */

/* Begin PBXGroup section */
		C0544D3F20AF0EDA00DC86F6 = {
			isa = PBXGroup;
			children = (
				C0544D4A20AF0EDA00DC86F6 /* MunkiStatus */,
				C0544D4920AF0EDA00DC86F6 /* Products */,
			);
			sourceTree = "<group>";
		};
		C0544D4920AF0EDA00DC86F6 /* Products */ = {
			isa = PBXGroup;
			children = (
				C0544D4820AF0EDA00DC86F6 /* MunkiStatus.app */,
			);
			name = Products;
			sourceTree = "<group>";
		};
		C0544D4A20AF0EDA00DC86F6 /* MunkiStatus */ = {
			isa = PBXGroup;
			children = (
				C04F825C20BB15F500F9C57D /* Localization.swift */,
				C0787F7A2315C6210054D130 /* main.swift */,
				C0168E8F20B1E1D80027BD78 /* LogViewController.swift */,
				C0A7937D20AFAE0300F56DD5 /* MunkiStatusViewController.swift */,
				C0544D4B20AF0EDA00DC86F6 /* AppDelegate.swift */,
				C0A7937F20B0EA7800F56DD5 /* Utils.swift */,
				C0544D4D20AF0EDA00DC86F6 /* Assets.xcassets */,
				C0544D4F20AF0EDA00DC86F6 /* MainMenu.xib */,
				C077FCFC257EF513001AA249 /* Info.plist */,
				9B28B78A21E3B88F002C58D2 /* InfoPlist.strings */,
				C04F825020BB157800F9C57D /* Localizable.strings */,
			);
			path = MunkiStatus;
			sourceTree = "<group>";
		};
/* End PBXGroup section */

/* Begin PBXNativeTarget section */
		C0544D4720AF0EDA00DC86F6 /* MunkiStatus */ = {
			isa = PBXNativeTarget;
			buildConfigurationList = C0544D5620AF0EDA00DC86F6 /* Build configuration list for PBXNativeTarget "MunkiStatus" */;
			buildPhases = (
				C0544D4420AF0EDA00DC86F6 /* Sources */,
				C0544D4520AF0EDA00DC86F6 /* Frameworks */,
				C0544D4620AF0EDA00DC86F6 /* Resources */,
				C05BD40521B76FD40025F304 /* Embed version info */,
			);
			buildRules = (
			);
			dependencies = (
			);
			name = MunkiStatus;
			productName = MunkiStatus;
			productReference = C0544D4820AF0EDA00DC86F6 /* MunkiStatus.app */;
			productType = "com.apple.product-type.application";
		};
/* End PBXNativeTarget section */

/* Begin PBXProject section */
		C0544D4020AF0EDA00DC86F6 /* Project object */ = {
			isa = PBXProject;
			attributes = {
				LastSwiftUpdateCheck = 0920;
				LastUpgradeCheck = 1420;
				ORGANIZATIONNAME = "The Munki Project";
				TargetAttributes = {
					C0544D4720AF0EDA00DC86F6 = {
						CreatedOnToolsVersion = 9.2;
						LastSwiftMigration = 1150;
						ProvisioningStyle = Manual;
						SystemCapabilities = {
							com.apple.Sandbox = {
								enabled = 0;
							};
						};
					};
				};
			};
			buildConfigurationList = C0544D4320AF0EDA00DC86F6 /* Build configuration list for PBXProject "MunkiStatus" */;
			compatibilityVersion = "Xcode 8.0";
			developmentRegion = en;
			hasScannedForEncodings = 0;
			knownRegions = (
				en,
				Base,
				fr,
				de,
				es,
				it,
				nl,
				da,
				fi,
				nb,
				sv,
				ru,
				ja,
				"en-AU",
				"en-CA",
				"en-GB",
			);
			mainGroup = C0544D3F20AF0EDA00DC86F6;
			productRefGroup = C0544D4920AF0EDA00DC86F6 /* Products */;
			projectDirPath = "";
			projectRoot = "";
			targets = (
				C0544D4720AF0EDA00DC86F6 /* MunkiStatus */,
			);
		};
/* End PBXProject section */

/* Begin PBXResourcesBuildPhase section */
		C0544D4620AF0EDA00DC86F6 /* Resources */ = {
			isa = PBXResourcesBuildPhase;
			buildActionMask = 2147483647;
			files = (
				C0544D4E20AF0EDA00DC86F6 /* Assets.xcassets in Resources */,
				9B28B78821E3B88F002C58D2 /* InfoPlist.strings in Resources */,
				C04F824E20BB157800F9C57D /* Localizable.strings in Resources */,
				C0544D5120AF0EDA00DC86F6 /* MainMenu.xib in Resources */,
			);
			runOnlyForDeploymentPostprocessing = 0;
		};
/* End PBXResourcesBuildPhase section */

/* Begin PBXShellScriptBuildPhase section */
		C05BD40521B76FD40025F304 /* Embed version info */ = {
			isa = PBXShellScriptBuildPhase;
			buildActionMask = 2147483647;
			files = (
			);
			inputPaths = (
			);
			name = "Embed version info";
			outputPaths = (
			);
			runOnlyForDeploymentPostprocessing = 0;
			shellPath = /bin/sh;
			shellScript = "# add this number to Git revision index to get \"build\" number consistent with old SVN repo\nMAGICNUMBER=482\n\nBASEVERNUM=`/usr/libexec/PlistBuddy -c \"Print :CFBundleShortVersionString\" \"${INFOPLIST_FILE}\"`\n\nGIT=`which git`\n\nif [ \"$GIT\" != \"\" ] ; then\n# generate a pseudo-svn revision number from the list of Git revisions\nGITREV=`$GIT log -n1 --format=\"%H\" -- ./`\nGITREVINDEX=`$GIT rev-list --count $GITREV`\nREV=$(($GITREVINDEX + $MAGICNUMBER))\n\n/usr/libexec/PlistBuddy -c \"Set :CFBundleShortVersionString $BASEVERNUM.$REV\" \"${TARGET_BUILD_DIR}/${INFOPLIST_PATH}\"\n/usr/libexec/PlistBuddy -c \"Set :CFBundleVersion $REV\" \"${TARGET_BUILD_DIR}/${INFOPLIST_PATH}\"\n/usr/libexec/PlistBuddy -c \"Set :GitRevision string $GITREV\" \"${TARGET_BUILD_DIR}/${INFOPLIST_PATH}\"\nfi\n";
		};
/* End PBXShellScriptBuildPhase section */

/* Begin PBXSourcesBuildPhase section */
		C0544D4420AF0EDA00DC86F6 /* Sources */ = {
			isa = PBXSourcesBuildPhase;
			buildActionMask = 2147483647;
			files = (
				C0A7938020B0EA7800F56DD5 /* Utils.swift in Sources */,
				C04F825D20BB15F500F9C57D /* Localization.swift in Sources */,
				C0787F7B2315C6210054D130 /* main.swift in Sources */,
				C0544D4C20AF0EDA00DC86F6 /* AppDelegate.swift in Sources */,
				C0A7937E20AFAE0300F56DD5 /* MunkiStatusViewController.swift in Sources */,
				C0168E9020B1E1D80027BD78 /* LogViewController.swift in Sources */,
			);
			runOnlyForDeploymentPostprocessing = 0;
		};
/* End PBXSourcesBuildPhase section */

/* Begin PBXVariantGroup section */
		9B28B78A21E3B88F002C58D2 /* InfoPlist.strings */ = {
			isa = PBXVariantGroup;
			children = (
				9B28B78921E3B88F002C58D2 /* en */,
				9B28B78B21E3B892002C58D2 /* fr */,
				9B28B78C21E3B894002C58D2 /* de */,
				9B28B78D21E3B896002C58D2 /* es */,
				9B28B78E21E3B899002C58D2 /* it */,
				9B28B78F21E3B89C002C58D2 /* nl */,
				9B28B79021E3B89E002C58D2 /* da */,
				9B28B79121E3B8A0002C58D2 /* fi */,
				9B28B79221E3B8A3002C58D2 /* nb */,
				9B28B79321E3B8A6002C58D2 /* sv */,
				9B28B79421E3B8A9002C58D2 /* ru */,
				9B28B79521E3B8AB002C58D2 /* ja */,
				9B28B79621E3B8AD002C58D2 /* en-AU */,
				9B28B79721E3B8B0002C58D2 /* en-CA */,
				9B28B79821E3B8B2002C58D2 /* en-GB */,
			);
			name = InfoPlist.strings;
			sourceTree = "<group>";
		};
		C04F825020BB157800F9C57D /* Localizable.strings */ = {
			isa = PBXVariantGroup;
			children = (
				C04F825120BB157E00F9C57D /* fr */,
				C04F825220BB157F00F9C57D /* de */,
				C04F825320BB158000F9C57D /* es */,
				C04F825420BB158100F9C57D /* it */,
				C04F825520BB158300F9C57D /* nl */,
				C04F825620BB158400F9C57D /* da */,
				C04F825720BB158500F9C57D /* fi */,
				C04F825820BB158600F9C57D /* nb */,
				C04F825920BB158800F9C57D /* sv */,
				C04F825A20BB158900F9C57D /* ru */,
				C04F825B20BB158A00F9C57D /* ja */,
				C04F825E20BB1A8100F9C57D /* Base */,
				C04F826F20BB214F00F9C57D /* en-AU */,
				C04F827020BB215200F9C57D /* en-CA */,
				C04F827120BB215500F9C57D /* en-GB */,
			);
			name = Localizable.strings;
			sourceTree = "<group>";
		};
		C0544D4F20AF0EDA00DC86F6 /* MainMenu.xib */ = {
			isa = PBXVariantGroup;
			children = (
				C0544D5020AF0EDA00DC86F6 /* Base */,
				C0168E9120B2939B0027BD78 /* fr */,
				C04F823F20BA8E9000F9C57D /* de */,
				C04F824020BA8F7200F9C57D /* es */,
				C04F824120BA8FF400F9C57D /* it */,
				C04F824220BA8FFA00F9C57D /* nl */,
				C04F824320BA900500F9C57D /* da */,
				C04F824420BA900F00F9C57D /* fi */,
				C04F824520BA901700F9C57D /* nb */,
				C04F824620BA90B000F9C57D /* sv */,
				C04F824720BA90B600F9C57D /* ru */,
				C04F824820BA90E300F9C57D /* ja */,
				C04F824920BAFB5900F9C57D /* en-AU */,
				C04F824A20BAFB6F00F9C57D /* en-CA */,
				C04F824B20BAFB8B00F9C57D /* en-GB */,
			);
			name = MainMenu.xib;
			sourceTree = "<group>";
		};
/* End PBXVariantGroup section */

/* Begin XCBuildConfiguration section */
		C0544D5420AF0EDA00DC86F6 /* Debug */ = {
			isa = XCBuildConfiguration;
			buildSettings = {
				ALWAYS_SEARCH_USER_PATHS = NO;
				CLANG_ANALYZER_LOCALIZABILITY_NONLOCALIZED = YES;
				CLANG_ANALYZER_NONNULL = YES;
				CLANG_ANALYZER_NUMBER_OBJECT_CONVERSION = YES_AGGRESSIVE;
				CLANG_CXX_LANGUAGE_STANDARD = "gnu++14";
				CLANG_CXX_LIBRARY = "libc++";
				CLANG_ENABLE_MODULES = YES;
				CLANG_ENABLE_OBJC_ARC = YES;
				CLANG_WARN_BLOCK_CAPTURE_AUTORELEASING = YES;
				CLANG_WARN_BOOL_CONVERSION = YES;
				CLANG_WARN_COMMA = YES;
				CLANG_WARN_CONSTANT_CONVERSION = YES;
				CLANG_WARN_DEPRECATED_OBJC_IMPLEMENTATIONS = YES;
				CLANG_WARN_DIRECT_OBJC_ISA_USAGE = YES_ERROR;
				CLANG_WARN_DOCUMENTATION_COMMENTS = YES;
				CLANG_WARN_EMPTY_BODY = YES;
				CLANG_WARN_ENUM_CONVERSION = YES;
				CLANG_WARN_INFINITE_RECURSION = YES;
				CLANG_WARN_INT_CONVERSION = YES;
				CLANG_WARN_NON_LITERAL_NULL_CONVERSION = YES;
				CLANG_WARN_OBJC_IMPLICIT_RETAIN_SELF = YES;
				CLANG_WARN_OBJC_LITERAL_CONVERSION = YES;
				CLANG_WARN_OBJC_ROOT_CLASS = YES_ERROR;
				CLANG_WARN_QUOTED_INCLUDE_IN_FRAMEWORK_HEADER = YES;
				CLANG_WARN_RANGE_LOOP_ANALYSIS = YES;
				CLANG_WARN_STRICT_PROTOTYPES = YES;
				CLANG_WARN_SUSPICIOUS_MOVE = YES;
				CLANG_WARN_UNGUARDED_AVAILABILITY = YES_AGGRESSIVE;
				CLANG_WARN_UNREACHABLE_CODE = YES;
				CLANG_WARN__DUPLICATE_METHOD_MATCH = YES;
				CODE_SIGN_IDENTITY = "-";
				COPY_PHASE_STRIP = NO;
				DEAD_CODE_STRIPPING = YES;
				DEBUG_INFORMATION_FORMAT = dwarf;
				ENABLE_STRICT_OBJC_MSGSEND = YES;
				ENABLE_TESTABILITY = YES;
				GCC_C_LANGUAGE_STANDARD = gnu11;
				GCC_DYNAMIC_NO_PIC = NO;
				GCC_NO_COMMON_BLOCKS = YES;
				GCC_OPTIMIZATION_LEVEL = 0;
				GCC_PREPROCESSOR_DEFINITIONS = (
					"DEBUG=1",
					"$(inherited)",
				);
				GCC_WARN_64_TO_32_BIT_CONVERSION = YES;
				GCC_WARN_ABOUT_RETURN_TYPE = YES_ERROR;
				GCC_WARN_UNDECLARED_SELECTOR = YES;
				GCC_WARN_UNINITIALIZED_AUTOS = YES_AGGRESSIVE;
				GCC_WARN_UNUSED_FUNCTION = YES;
				GCC_WARN_UNUSED_VARIABLE = YES;
				MACOSX_DEPLOYMENT_TARGET = 10.13;
				MTL_ENABLE_DEBUG_INFO = YES;
				ONLY_ACTIVE_ARCH = YES;
				SDKROOT = macosx;
				SWIFT_ACTIVE_COMPILATION_CONDITIONS = DEBUG;
				SWIFT_OPTIMIZATION_LEVEL = "-Onone";
			};
			name = Debug;
		};
		C0544D5520AF0EDA00DC86F6 /* Release */ = {
			isa = XCBuildConfiguration;
			buildSettings = {
				ALWAYS_SEARCH_USER_PATHS = NO;
				CLANG_ANALYZER_LOCALIZABILITY_NONLOCALIZED = YES;
				CLANG_ANALYZER_NONNULL = YES;
				CLANG_ANALYZER_NUMBER_OBJECT_CONVERSION = YES_AGGRESSIVE;
				CLANG_CXX_LANGUAGE_STANDARD = "gnu++14";
				CLANG_CXX_LIBRARY = "libc++";
				CLANG_ENABLE_MODULES = YES;
				CLANG_ENABLE_OBJC_ARC = YES;
				CLANG_WARN_BLOCK_CAPTURE_AUTORELEASING = YES;
				CLANG_WARN_BOOL_CONVERSION = YES;
				CLANG_WARN_COMMA = YES;
				CLANG_WARN_CONSTANT_CONVERSION = YES;
				CLANG_WARN_DEPRECATED_OBJC_IMPLEMENTATIONS = YES;
				CLANG_WARN_DIRECT_OBJC_ISA_USAGE = YES_ERROR;
				CLANG_WARN_DOCUMENTATION_COMMENTS = YES;
				CLANG_WARN_EMPTY_BODY = YES;
				CLANG_WARN_ENUM_CONVERSION = YES;
				CLANG_WARN_INFINITE_RECURSION = YES;
				CLANG_WARN_INT_CONVERSION = YES;
				CLANG_WARN_NON_LITERAL_NULL_CONVERSION = YES;
				CLANG_WARN_OBJC_IMPLICIT_RETAIN_SELF = YES;
				CLANG_WARN_OBJC_LITERAL_CONVERSION = YES;
				CLANG_WARN_OBJC_ROOT_CLASS = YES_ERROR;
				CLANG_WARN_QUOTED_INCLUDE_IN_FRAMEWORK_HEADER = YES;
				CLANG_WARN_RANGE_LOOP_ANALYSIS = YES;
				CLANG_WARN_STRICT_PROTOTYPES = YES;
				CLANG_WARN_SUSPICIOUS_MOVE = YES;
				CLANG_WARN_UNGUARDED_AVAILABILITY = YES_AGGRESSIVE;
				CLANG_WARN_UNREACHABLE_CODE = YES;
				CLANG_WARN__DUPLICATE_METHOD_MATCH = YES;
				CODE_SIGN_IDENTITY = "-";
				COPY_PHASE_STRIP = NO;
				DEAD_CODE_STRIPPING = YES;
				DEBUG_INFORMATION_FORMAT = "dwarf-with-dsym";
				ENABLE_NS_ASSERTIONS = NO;
				ENABLE_STRICT_OBJC_MSGSEND = YES;
				GCC_C_LANGUAGE_STANDARD = gnu11;
				GCC_NO_COMMON_BLOCKS = YES;
				GCC_WARN_64_TO_32_BIT_CONVERSION = YES;
				GCC_WARN_ABOUT_RETURN_TYPE = YES_ERROR;
				GCC_WARN_UNDECLARED_SELECTOR = YES;
				GCC_WARN_UNINITIALIZED_AUTOS = YES_AGGRESSIVE;
				GCC_WARN_UNUSED_FUNCTION = YES;
				GCC_WARN_UNUSED_VARIABLE = YES;
				MACOSX_DEPLOYMENT_TARGET = 10.13;
				MTL_ENABLE_DEBUG_INFO = NO;
				SDKROOT = macosx;
				SWIFT_OPTIMIZATION_LEVEL = "-Owholemodule";
			};
			name = Release;
		};
		C0544D5720AF0EDA00DC86F6 /* Debug */ = {
			isa = XCBuildConfiguration;
			buildSettings = {
				ASSETCATALOG_COMPILER_APPICON_NAME = AppIcon;
				CODE_SIGN_IDENTITY = "";
				"CODE_SIGN_IDENTITY[sdk=macosx*]" = "-";
				CODE_SIGN_INJECT_BASE_ENTITLEMENTS = NO;
				CODE_SIGN_STYLE = Manual;
				COMBINE_HIDPI_IMAGES = YES;
				DEAD_CODE_STRIPPING = YES;
				DEVELOPMENT_TEAM = "";
				INFOPLIST_FILE = "$(SRCROOT)/MunkiStatus/Info.plist";
				LD_RUNPATH_SEARCH_PATHS = "$(inherited) @executable_path/../Frameworks";
				MACOSX_DEPLOYMENT_TARGET = 10.13;
				PRODUCT_BUNDLE_IDENTIFIER = com.googlecode.munki.MunkiStatus;
				PRODUCT_NAME = "$(TARGET_NAME)";
				PROVISIONING_PROFILE_SPECIFIER = "";
				SWIFT_VERSION = 5.0;
			};
			name = Debug;
		};
		C0544D5820AF0EDA00DC86F6 /* Release */ = {
			isa = XCBuildConfiguration;
			buildSettings = {
				ASSETCATALOG_COMPILER_APPICON_NAME = AppIcon;
				CODE_SIGN_IDENTITY = "";
				"CODE_SIGN_IDENTITY[sdk=macosx*]" = "-";
				CODE_SIGN_INJECT_BASE_ENTITLEMENTS = NO;
				CODE_SIGN_STYLE = Manual;
				COMBINE_HIDPI_IMAGES = YES;
				DEAD_CODE_STRIPPING = YES;
				DEVELOPMENT_TEAM = "";
				INFOPLIST_FILE = "$(SRCROOT)/MunkiStatus/Info.plist";
				LD_RUNPATH_SEARCH_PATHS = "$(inherited) @executable_path/../Frameworks";
				MACOSX_DEPLOYMENT_TARGET = 10.13;
				PRODUCT_BUNDLE_IDENTIFIER = com.googlecode.munki.MunkiStatus;
				PRODUCT_NAME = "$(TARGET_NAME)";
				PROVISIONING_PROFILE_SPECIFIER = "";
				SWIFT_VERSION = 5.0;
			};
			name = Release;
		};
/* End XCBuildConfiguration section */

/* Begin XCConfigurationList section */
		C0544D4320AF0EDA00DC86F6 /* Build configuration list for PBXProject "MunkiStatus" */ = {
			isa = XCConfigurationList;
			buildConfigurations = (
				C0544D5420AF0EDA00DC86F6 /* Debug */,
				C0544D5520AF0EDA00DC86F6 /* Release */,
			);
			defaultConfigurationIsVisible = 0;
			defaultConfigurationName = Release;
		};
		C0544D5620AF0EDA00DC86F6 /* Build configuration list for PBXNativeTarget "MunkiStatus" */ = {
			isa = XCConfigurationList;
			buildConfigurations = (
				C0544D5720AF0EDA00DC86F6 /* Debug */,
				C0544D5820AF0EDA00DC86F6 /* Release */,
			);
			defaultConfigurationIsVisible = 0;
			defaultConfigurationName = Release;
		};
/* End XCConfigurationList section */
	};
	rootObject = C0544D4020AF0EDA00DC86F6 /* Project object */;
}
