// !$*UTF8*$!
{
	archiveVersion = 1;
	classes = {
	};
	objectVersion = 46;
	objects = {

/* Begin PBXBuildFile section */
		C0022FD61AD9BCED007DCEC3 /* Cocoa.framework in Frameworks */ = {isa = PBXBuildFile; fileRef = C0022FD51AD9BCED007DCEC3 /* Cocoa.framework */; };
		C0022FDF1AD9BCED007DCEC3 /* main.m in Sources */ = {isa = PBXBuildFile; fileRef = C0022FDE1AD9BCED007DCEC3 /* main.m */; };
		C0022FE21AD9BCED007DCEC3 /* Credits.rtf in Resources */ = {isa = PBXBuildFile; fileRef = C0022FE01AD9BCED007DCEC3 /* Credits.rtf */; };
		C0022FE51AD9BCED007DCEC3 /* libpython2.6.dylib in Frameworks */ = {isa = PBXBuildFile; fileRef = C0022FE41AD9BCED007DCEC3 /* libpython2.6.dylib */; };
		C0022FE71AD9BCED007DCEC3 /* main.py in Resources */ = {isa = PBXBuildFile; fileRef = C0022FE61AD9BCED007DCEC3 /* main.py */; };
		C0022FE91AD9BCED007DCEC3 /* AppDelegate.py in Resources */ = {isa = PBXBuildFile; fileRef = C0022FE81AD9BCED007DCEC3 /* AppDelegate.py */; };
		C0022FEC1AD9BCED007DCEC3 /* MainMenu.xib in Resources */ = {isa = PBXBuildFile; fileRef = C0022FEA1AD9BCED007DCEC3 /* MainMenu.xib */; };
		C0022FEE1AD9BCED007DCEC3 /* Images.xcassets in Resources */ = {isa = PBXBuildFile; fileRef = C0022FED1AD9BCED007DCEC3 /* Images.xcassets */; };
/* End PBXBuildFile section */

/* Begin PBXFileReference section */
		C0022FD21AD9BCED007DCEC3 /* notifier.app */ = {isa = PBXFileReference; explicitFileType = wrapper.application; includeInIndex = 0; path = notifier.app; sourceTree = BUILT_PRODUCTS_DIR; };
		C0022FD51AD9BCED007DCEC3 /* Cocoa.framework */ = {isa = PBXFileReference; lastKnownFileType = wrapper.framework; name = Cocoa.framework; path = System/Library/Frameworks/Cocoa.framework; sourceTree = SDKROOT; };
		C0022FD81AD9BCED007DCEC3 /* AppKit.framework */ = {isa = PBXFileReference; lastKnownFileType = wrapper.framework; name = AppKit.framework; path = System/Library/Frameworks/AppKit.framework; sourceTree = SDKROOT; };
		C0022FD91AD9BCED007DCEC3 /* CoreData.framework */ = {isa = PBXFileReference; lastKnownFileType = wrapper.framework; name = CoreData.framework; path = System/Library/Frameworks/CoreData.framework; sourceTree = SDKROOT; };
		C0022FDA1AD9BCED007DCEC3 /* Foundation.framework */ = {isa = PBXFileReference; lastKnownFileType = wrapper.framework; name = Foundation.framework; path = System/Library/Frameworks/Foundation.framework; sourceTree = SDKROOT; };
		C0022FDD1AD9BCED007DCEC3 /* Info.plist */ = {isa = PBXFileReference; lastKnownFileType = text.plist.xml; path = Info.plist; sourceTree = "<group>"; };
		C0022FDE1AD9BCED007DCEC3 /* main.m */ = {isa = PBXFileReference; lastKnownFileType = sourcecode.c.objc; path = main.m; sourceTree = "<group>"; };
		C0022FE11AD9BCED007DCEC3 /* en */ = {isa = PBXFileReference; lastKnownFileType = text.rtf; name = en; path = en.lproj/Credits.rtf; sourceTree = "<group>"; };
		C0022FE41AD9BCED007DCEC3 /* libpython2.6.dylib */ = {isa = PBXFileReference; lastKnownFileType = "compiled.mach-o.dylib"; name = libpython2.6.dylib; path = /System/Library/Frameworks/Python.framework/Versions/2.6/lib/python2.6/config/libpython2.6.dylib; sourceTree = "<absolute>"; };
		C0022FE61AD9BCED007DCEC3 /* main.py */ = {isa = PBXFileReference; lastKnownFileType = text.script.python; path = main.py; sourceTree = "<group>"; };
		C0022FE81AD9BCED007DCEC3 /* AppDelegate.py */ = {isa = PBXFileReference; lastKnownFileType = text.script.python; path = AppDelegate.py; sourceTree = "<group>"; };
		C0022FEB1AD9BCED007DCEC3 /* en */ = {isa = PBXFileReference; lastKnownFileType = file.xib; name = en; path = en.lproj/MainMenu.xib; sourceTree = "<group>"; };
		C0022FED1AD9BCED007DCEC3 /* Images.xcassets */ = {isa = PBXFileReference; lastKnownFileType = folder.assetcatalog; path = Images.xcassets; sourceTree = "<group>"; };
/* End PBXFileReference section */

/* Begin PBXFrameworksBuildPhase section */
		C0022FCF1AD9BCED007DCEC3 /* Frameworks */ = {
			isa = PBXFrameworksBuildPhase;
			buildActionMask = 2147483647;
			files = (
				C0022FD61AD9BCED007DCEC3 /* Cocoa.framework in Frameworks */,
				C0022FE51AD9BCED007DCEC3 /* libpython2.6.dylib in Frameworks */,
			);
			runOnlyForDeploymentPostprocessing = 0;
		};
/* End PBXFrameworksBuildPhase section */

/* Begin PBXGroup section */
		C0022FC91AD9BCED007DCEC3 = {
			isa = PBXGroup;
			children = (
				C0022FDB1AD9BCED007DCEC3 /* notifier */,
				C0022FD41AD9BCED007DCEC3 /* Frameworks */,
				C0022FD31AD9BCED007DCEC3 /* Products */,
			);
			sourceTree = "<group>";
		};
		C0022FD31AD9BCED007DCEC3 /* Products */ = {
			isa = PBXGroup;
			children = (
				C0022FD21AD9BCED007DCEC3 /* notifier.app */,
			);
			name = Products;
			sourceTree = "<group>";
		};
		C0022FD41AD9BCED007DCEC3 /* Frameworks */ = {
			isa = PBXGroup;
			children = (
				C0022FD51AD9BCED007DCEC3 /* Cocoa.framework */,
				C0022FD71AD9BCED007DCEC3 /* Other Frameworks */,
			);
			name = Frameworks;
			sourceTree = "<group>";
		};
		C0022FD71AD9BCED007DCEC3 /* Other Frameworks */ = {
			isa = PBXGroup;
			children = (
				C0022FD81AD9BCED007DCEC3 /* AppKit.framework */,
				C0022FD91AD9BCED007DCEC3 /* CoreData.framework */,
				C0022FDA1AD9BCED007DCEC3 /* Foundation.framework */,
			);
			name = "Other Frameworks";
			sourceTree = "<group>";
		};
		C0022FDB1AD9BCED007DCEC3 /* notifier */ = {
			isa = PBXGroup;
			children = (
				C0022FE61AD9BCED007DCEC3 /* main.py */,
				C0022FE81AD9BCED007DCEC3 /* AppDelegate.py */,
				C0022FEA1AD9BCED007DCEC3 /* MainMenu.xib */,
				C0022FED1AD9BCED007DCEC3 /* Images.xcassets */,
				C0022FE31AD9BCED007DCEC3 /* SharedLibraries */,
				C0022FDC1AD9BCED007DCEC3 /* Supporting Files */,
			);
			path = notifier;
			sourceTree = "<group>";
		};
		C0022FDC1AD9BCED007DCEC3 /* Supporting Files */ = {
			isa = PBXGroup;
			children = (
				C0022FDD1AD9BCED007DCEC3 /* Info.plist */,
				C0022FDE1AD9BCED007DCEC3 /* main.m */,
				C0022FE01AD9BCED007DCEC3 /* Credits.rtf */,
			);
			name = "Supporting Files";
			sourceTree = "<group>";
		};
		C0022FE31AD9BCED007DCEC3 /* SharedLibraries */ = {
			isa = PBXGroup;
			children = (
				C0022FE41AD9BCED007DCEC3 /* libpython2.6.dylib */,
			);
			name = SharedLibraries;
			sourceTree = "<group>";
		};
/* End PBXGroup section */

/* Begin PBXNativeTarget section */
		C0022FD11AD9BCED007DCEC3 /* notifier */ = {
			isa = PBXNativeTarget;
			buildConfigurationList = C0022FF11AD9BCED007DCEC3 /* Build configuration list for PBXNativeTarget "notifier" */;
			buildPhases = (
				C0022FCE1AD9BCED007DCEC3 /* Sources */,
				C0022FCF1AD9BCED007DCEC3 /* Frameworks */,
				C0022FD01AD9BCED007DCEC3 /* Resources */,
			);
			buildRules = (
			);
			dependencies = (
			);
			name = notifier;
			productName = notifier;
			productReference = C0022FD21AD9BCED007DCEC3 /* notifier.app */;
			productType = "com.apple.product-type.application";
		};
/* End PBXNativeTarget section */

/* Begin PBXProject section */
		C0022FCA1AD9BCED007DCEC3 /* Project object */ = {
			isa = PBXProject;
			attributes = {
				LastUpgradeCheck = 0620;
				ORGANIZATIONNAME = "The Munki Project";
				TargetAttributes = {
					C0022FD11AD9BCED007DCEC3 = {
						CreatedOnToolsVersion = 6.2;
					};
				};
			};
			buildConfigurationList = C0022FCD1AD9BCED007DCEC3 /* Build configuration list for PBXProject "notifier" */;
			compatibilityVersion = "Xcode 3.2";
			developmentRegion = English;
			hasScannedForEncodings = 0;
			knownRegions = (
				en,
			);
			mainGroup = C0022FC91AD9BCED007DCEC3;
			productRefGroup = C0022FD31AD9BCED007DCEC3 /* Products */;
			projectDirPath = "";
			projectRoot = "";
			targets = (
				C0022FD11AD9BCED007DCEC3 /* notifier */,
			);
		};
/* End PBXProject section */

/* Begin PBXResourcesBuildPhase section */
		C0022FD01AD9BCED007DCEC3 /* Resources */ = {
			isa = PBXResourcesBuildPhase;
			buildActionMask = 2147483647;
			files = (
				C0022FE21AD9BCED007DCEC3 /* Credits.rtf in Resources */,
				C0022FEE1AD9BCED007DCEC3 /* Images.xcassets in Resources */,
				C0022FE91AD9BCED007DCEC3 /* AppDelegate.py in Resources */,
				C0022FE71AD9BCED007DCEC3 /* main.py in Resources */,
				C0022FEC1AD9BCED007DCEC3 /* MainMenu.xib in Resources */,
			);
			runOnlyForDeploymentPostprocessing = 0;
		};
/* End PBXResourcesBuildPhase section */

/* Begin PBXSourcesBuildPhase section */
		C0022FCE1AD9BCED007DCEC3 /* Sources */ = {
			isa = PBXSourcesBuildPhase;
			buildActionMask = 2147483647;
			files = (
				C0022FDF1AD9BCED007DCEC3 /* main.m in Sources */,
			);
			runOnlyForDeploymentPostprocessing = 0;
		};
/* End PBXSourcesBuildPhase section */

/* Begin PBXVariantGroup section */
		C0022FE01AD9BCED007DCEC3 /* Credits.rtf */ = {
			isa = PBXVariantGroup;
			children = (
				C0022FE11AD9BCED007DCEC3 /* en */,
			);
			name = Credits.rtf;
			sourceTree = "<group>";
		};
		C0022FEA1AD9BCED007DCEC3 /* MainMenu.xib */ = {
			isa = PBXVariantGroup;
			children = (
				C0022FEB1AD9BCED007DCEC3 /* en */,
			);
			name = MainMenu.xib;
			sourceTree = "<group>";
		};
/* End PBXVariantGroup section */

/* Begin XCBuildConfiguration section */
		C0022FEF1AD9BCED007DCEC3 /* Debug */ = {
			isa = XCBuildConfiguration;
			buildSettings = {
				ALWAYS_SEARCH_USER_PATHS = NO;
				CLANG_CXX_LANGUAGE_STANDARD = "gnu++0x";
				CLANG_CXX_LIBRARY = "libc++";
				CLANG_ENABLE_MODULES = YES;
				CLANG_ENABLE_OBJC_ARC = YES;
				CLANG_WARN_BOOL_CONVERSION = YES;
				CLANG_WARN_CONSTANT_CONVERSION = YES;
				CLANG_WARN_DIRECT_OBJC_ISA_USAGE = YES_ERROR;
				CLANG_WARN_EMPTY_BODY = YES;
				CLANG_WARN_ENUM_CONVERSION = YES;
				CLANG_WARN_INT_CONVERSION = YES;
				CLANG_WARN_OBJC_ROOT_CLASS = YES_ERROR;
				CLANG_WARN_UNREACHABLE_CODE = YES;
				CLANG_WARN__DUPLICATE_METHOD_MATCH = YES;
				CODE_SIGN_IDENTITY = "-";
				COPY_PHASE_STRIP = NO;
				ENABLE_STRICT_OBJC_MSGSEND = YES;
				GCC_C_LANGUAGE_STANDARD = gnu99;
				GCC_DYNAMIC_NO_PIC = NO;
				GCC_OPTIMIZATION_LEVEL = 0;
				GCC_PREPROCESSOR_DEFINITIONS = (
					"DEBUG=1",
					"$(inherited)",
				);
				GCC_SYMBOLS_PRIVATE_EXTERN = NO;
				GCC_WARN_64_TO_32_BIT_CONVERSION = YES;
				GCC_WARN_ABOUT_RETURN_TYPE = YES_ERROR;
				GCC_WARN_UNDECLARED_SELECTOR = YES;
				GCC_WARN_UNINITIALIZED_AUTOS = YES_AGGRESSIVE;
				GCC_WARN_UNUSED_FUNCTION = YES;
				GCC_WARN_UNUSED_VARIABLE = YES;
				HEADER_SEARCH_PATHS = (
					"$(inherited)",
					/System/Library/Frameworks/Python.framework/Versions/2.6/include/python2.6,
				);
				LIBRARY_SEARCH_PATHS = (
					"$(inherited)",
					"$(SYSTEM_LIBRARY_DIR)/Frameworks/Python.framework/Versions/2.6/lib/python2.6/config",
				);
				MACOSX_DEPLOYMENT_TARGET = 10.6;
				MTL_ENABLE_DEBUG_INFO = YES;
				ONLY_ACTIVE_ARCH = YES;
				SDKROOT = macosx10.9;
			};
			name = Debug;
		};
		C0022FF01AD9BCED007DCEC3 /* Release */ = {
			isa = XCBuildConfiguration;
			buildSettings = {
				ALWAYS_SEARCH_USER_PATHS = NO;
				CLANG_CXX_LANGUAGE_STANDARD = "gnu++0x";
				CLANG_CXX_LIBRARY = "libc++";
				CLANG_ENABLE_MODULES = YES;
				CLANG_ENABLE_OBJC_ARC = YES;
				CLANG_WARN_BOOL_CONVERSION = YES;
				CLANG_WARN_CONSTANT_CONVERSION = YES;
				CLANG_WARN_DIRECT_OBJC_ISA_USAGE = YES_ERROR;
				CLANG_WARN_EMPTY_BODY = YES;
				CLANG_WARN_ENUM_CONVERSION = YES;
				CLANG_WARN_INT_CONVERSION = YES;
				CLANG_WARN_OBJC_ROOT_CLASS = YES_ERROR;
				CLANG_WARN_UNREACHABLE_CODE = YES;
				CLANG_WARN__DUPLICATE_METHOD_MATCH = YES;
				CODE_SIGN_IDENTITY = "-";
				COPY_PHASE_STRIP = NO;
				DEBUG_INFORMATION_FORMAT = "dwarf-with-dsym";
				ENABLE_NS_ASSERTIONS = NO;
				ENABLE_STRICT_OBJC_MSGSEND = YES;
				GCC_C_LANGUAGE_STANDARD = gnu99;
				GCC_WARN_64_TO_32_BIT_CONVERSION = YES;
				GCC_WARN_ABOUT_RETURN_TYPE = YES_ERROR;
				GCC_WARN_UNDECLARED_SELECTOR = YES;
				GCC_WARN_UNINITIALIZED_AUTOS = YES_AGGRESSIVE;
				GCC_WARN_UNUSED_FUNCTION = YES;
				GCC_WARN_UNUSED_VARIABLE = YES;
				HEADER_SEARCH_PATHS = (
					"$(inherited)",
					/System/Library/Frameworks/Python.framework/Versions/2.6/include/python2.6,
				);
				LIBRARY_SEARCH_PATHS = (
					"$(inherited)",
					"$(SYSTEM_LIBRARY_DIR)/Frameworks/Python.framework/Versions/2.6/lib/python2.6/config",
				);
				MACOSX_DEPLOYMENT_TARGET = 10.6;
				MTL_ENABLE_DEBUG_INFO = NO;
				SDKROOT = macosx10.9;
			};
			name = Release;
		};
		C0022FF21AD9BCED007DCEC3 /* Debug */ = {
			isa = XCBuildConfiguration;
			buildSettings = {
				ASSETCATALOG_COMPILER_APPICON_NAME = AppIcon;
				COMBINE_HIDPI_IMAGES = YES;
				INFOPLIST_FILE = notifier/Info.plist;
				LD_RUNPATH_SEARCH_PATHS = "$(inherited) @executable_path/../Frameworks";
				LIBRARY_SEARCH_PATHS = (
					"$(inherited)",
					"$(SYSTEM_LIBRARY_DIR)/Frameworks/Python.framework/Versions/2.6/lib/python2.6/config",
				);
				PRODUCT_NAME = "$(TARGET_NAME)";
			};
			name = Debug;
		};
		C0022FF31AD9BCED007DCEC3 /* Release */ = {
			isa = XCBuildConfiguration;
			buildSettings = {
				ASSETCATALOG_COMPILER_APPICON_NAME = AppIcon;
				COMBINE_HIDPI_IMAGES = YES;
				INFOPLIST_FILE = notifier/Info.plist;
				LD_RUNPATH_SEARCH_PATHS = "$(inherited) @executable_path/../Frameworks";
				LIBRARY_SEARCH_PATHS = (
					"$(inherited)",
					"$(SYSTEM_LIBRARY_DIR)/Frameworks/Python.framework/Versions/2.6/lib/python2.6/config",
				);
				PRODUCT_NAME = "$(TARGET_NAME)";
			};
			name = Release;
		};
/* End XCBuildConfiguration section */

/* Begin XCConfigurationList section */
		C0022FCD1AD9BCED007DCEC3 /* Build configuration list for PBXProject "notifier" */ = {
			isa = XCConfigurationList;
			buildConfigurations = (
				C0022FEF1AD9BCED007DCEC3 /* Debug */,
				C0022FF01AD9BCED007DCEC3 /* Release */,
			);
			defaultConfigurationIsVisible = 0;
			defaultConfigurationName = Release;
		};
		C0022FF11AD9BCED007DCEC3 /* Build configuration list for PBXNativeTarget "notifier" */ = {
			isa = XCConfigurationList;
			buildConfigurations = (
				C0022FF21AD9BCED007DCEC3 /* Debug */,
				C0022FF31AD9BCED007DCEC3 /* Release */,
			);
			defaultConfigurationIsVisible = 0;
			defaultConfigurationName = Release;
		};
/* End XCConfigurationList section */
	};
	rootObject = C0022FCA1AD9BCED007DCEC3 /* Project object */;
}
